
Microsoft Visual Studio Solution File, Format Version 12.00
# Visual Studio Version 17
VisualStudioVersion = 17.3.32825.248
MinimumVisualStudioVersion = 10.0.40219.1
Project("{FAE04EC0-301F-11D3-BF4B-00C04F79EFBC}") = "EntityFrameworkCore_LibraryMenu", "EntityFrameworkCore_LibraryMenu\EntityFrameworkCore_LibraryMenu.csproj", "{0E21430F-1FE3-46F7-83A0-2113EF9F0F77}"
EndProject
Global
	GlobalSection(SolutionConfigurationPlatforms) = preSolution
		Debug|Any CPU = Debug|Any CPU
		Release|Any CPU = Release|Any CPU
	EndGlobalSection
	GlobalSection(ProjectConfigurationPlatforms) = postSolution
		{0E21430F-1FE3-46F7-83A0-2113EF9F0F77}.Debug|Any CPU.ActiveCfg = Debug|Any CPU
		{0E21430F-1FE3-46F7-83A0-2113EF9F0F77}.Debug|Any CPU.Build.0 = Debug|Any CPU
		{0E21430F-1FE3-46F7-83A0-2113EF9F0F77}.Release|Any CPU.ActiveCfg = Release|Any CPU
		{0E21430F-1FE3-46F7-83A0-2113EF9F0F77}.Release|Any CPU.Build.0 = Release|Any CPU
	EndGlobalSection
	GlobalSection(SolutionProperties) = preSolution
		HideSolutionNode = FALSE
	EndGlobalSection
	GlobalSection(ExtensibilityGlobals) = postSolution
		SolutionGuid = {95D440F1-C7FD-4F0F-A048-40A744E38276}
	EndGlobalSection
EndGlobal
